
Microsoft Visual Studio Solution File, Format Version 12.00
# Visual Studio Version 16
VisualStudioVersion = 16.0.29911.84
MinimumVisualStudioVersion = 10.0.40219.1
Project("{FAE04EC0-301F-11D3-BF4B-00C04F79EFBC}") = "OkulDB", "OkulDB\OkulDB.csproj", "{910E459F-20F7-4C23-8180-93A87C311989}"
EndProject
Project("{FAE04EC0-301F-11D3-BF4B-00C04F79EFBC}") = "OkulDB.Models", "OkulDB.Models\OkulDB.Models.csproj", "{6D8060FD-D13D-40B9-8E37-FD55FEC9990A}"
EndProject
Project("{FAE04EC0-301F-11D3-BF4B-00C04F79EFBC}") = "OkulDB.BLL", "OkulDB.BLL\OkulDB.BLL.csproj", "{5FCBB038-7FC8-4280-8CB1-D1FE454ABD09}"
EndProject
Project("{FAE04EC0-301F-11D3-BF4B-00C04F79EFBC}") = "OkulDB.DAL", "OkulDB.DAL\OkulDB.DAL.csproj", "{391404B9-1A2D-4F85-A728-477763A53CFC}"
EndProject
Global
	GlobalSection(SolutionConfigurationPlatforms) = preSolution
		Debug|Any CPU = Debug|Any CPU
		Release|Any CPU = Release|Any CPU
	EndGlobalSection
	GlobalSection(ProjectConfigurationPlatforms) = postSolution
		{910E459F-20F7-4C23-8180-93A87C311989}.Debug|Any CPU.ActiveCfg = Debug|Any CPU
		{910E459F-20F7-4C23-8180-93A87C311989}.Debug|Any CPU.Build.0 = Debug|Any CPU
		{910E459F-20F7-4C23-8180-93A87C311989}.Release|Any CPU.ActiveCfg = Release|Any CPU
		{910E459F-20F7-4C23-8180-93A87C311989}.Release|Any CPU.Build.0 = Release|Any CPU
		{6D8060FD-D13D-40B9-8E37-FD55FEC9990A}.Debug|Any CPU.ActiveCfg = Debug|Any CPU
		{6D8060FD-D13D-40B9-8E37-FD55FEC9990A}.Debug|Any CPU.Build.0 = Debug|Any CPU
		{6D8060FD-D13D-40B9-8E37-FD55FEC9990A}.Release|Any CPU.ActiveCfg = Release|Any CPU
		{6D8060FD-D13D-40B9-8E37-FD55FEC9990A}.Release|Any CPU.Build.0 = Release|Any CPU
		{5FCBB038-7FC8-4280-8CB1-D1FE454ABD09}.Debug|Any CPU.ActiveCfg = Debug|Any CPU
		{5FCBB038-7FC8-4280-8CB1-D1FE454ABD09}.Debug|Any CPU.Build.0 = Debug|Any CPU
		{5FCBB038-7FC8-4280-8CB1-D1FE454ABD09}.Release|Any CPU.ActiveCfg = Release|Any CPU
		{5FCBB038-7FC8-4280-8CB1-D1FE454ABD09}.Release|Any CPU.Build.0 = Release|Any CPU
		{391404B9-1A2D-4F85-A728-477763A53CFC}.Debug|Any CPU.ActiveCfg = Debug|Any CPU
		{391404B9-1A2D-4F85-A728-477763A53CFC}.Debug|Any CPU.Build.0 = Debug|Any CPU
		{391404B9-1A2D-4F85-A728-477763A53CFC}.Release|Any CPU.ActiveCfg = Release|Any CPU
		{391404B9-1A2D-4F85-A728-477763A53CFC}.Release|Any CPU.Build.0 = Release|Any CPU
	EndGlobalSection
	GlobalSection(SolutionProperties) = preSolution
		HideSolutionNode = FALSE
	EndGlobalSection
	GlobalSection(ExtensibilityGlobals) = postSolution
		SolutionGuid = {8AAD593A-C0C0-4A40-BF47-E14F19D834EF}
	EndGlobalSection
EndGlobal
